// !$*UTF8*$!
{
	archiveVersion = 1;
	classes = {
	};
	objectVersion = 50;
	objects = {

/* Begin PBXBuildFile section */
		5B0C85D72506648F00036802 /* FizzBuzz_TDD.framework in Frameworks */ = {isa = PBXBuildFile; fileRef = 5B0C85CD2506648C00036802 /* FizzBuzz_TDD.framework */; };
		5B0C85DE2506648F00036802 /* FizzBuzz_TDD.h in Headers */ = {isa = PBXBuildFile; fileRef = 5B0C85D02506648C00036802 /* FizzBuzz_TDD.h */; settings = {ATTRIBUTES = (Public, ); }; };
		5B0C85E8250665BB00036802 /* FizzBuzzGeneratorTests.swift in Sources */ = {isa = PBXBuildFile; fileRef = 5B0C85E7250665BB00036802 /* FizzBuzzGeneratorTests.swift */; };
		5B0C85EB25066E2200036802 /* FizzBuzzGenerator.swift in Sources */ = {isa = PBXBuildFile; fileRef = 5B0C85EA25066E2200036802 /* FizzBuzzGenerator.swift */; };
/* End PBXBuildFile section */

/* Begin PBXContainerItemProxy section */
		5B0C85D82506648F00036802 /* PBXContainerItemProxy */ = {
			isa = PBXContainerItemProxy;
			containerPortal = 5B0C85C42506648B00036802 /* Project object */;
			proxyType = 1;
			remoteGlobalIDString = 5B0C85CC2506648B00036802;
			remoteInfo = "FizzBuzz TDD";
		};
/* End PBXContainerItemProxy section */

/* Begin PBXFileReference section */
		5B0C85CD2506648C00036802 /* FizzBuzz_TDD.framework */ = {isa = PBXFileReference; explicitFileType = wrapper.framework; includeInIndex = 0; path = FizzBuzz_TDD.framework; sourceTree = BUILT_PRODUCTS_DIR; };
		5B0C85D02506648C00036802 /* FizzBuzz_TDD.h */ = {isa = PBXFileReference; lastKnownFileType = sourcecode.c.h; path = FizzBuzz_TDD.h; sourceTree = "<group>"; };
		5B0C85D12506648C00036802 /* Info.plist */ = {isa = PBXFileReference; lastKnownFileType = text.plist.xml; path = Info.plist; sourceTree = "<group>"; };
		5B0C85D62506648F00036802 /* FizzBuzz TDDTests.xctest */ = {isa = PBXFileReference; explicitFileType = wrapper.cfbundle; includeInIndex = 0; path = "FizzBuzz TDDTests.xctest"; sourceTree = BUILT_PRODUCTS_DIR; };
		5B0C85DD2506648F00036802 /* Info.plist */ = {isa = PBXFileReference; lastKnownFileType = text.plist.xml; path = Info.plist; sourceTree = "<group>"; };
		5B0C85E7250665BB00036802 /* FizzBuzzGeneratorTests.swift */ = {isa = PBXFileReference; lastKnownFileType = sourcecode.swift; path = FizzBuzzGeneratorTests.swift; sourceTree = "<group>"; };
		5B0C85EA25066E2200036802 /* FizzBuzzGenerator.swift */ = {isa = PBXFileReference; lastKnownFileType = sourcecode.swift; path = FizzBuzzGenerator.swift; sourceTree = "<group>"; };
/* End PBXFileReference section */

/* Begin PBXFrameworksBuildPhase section */
		5B0C85CA2506648B00036802 /* Frameworks */ = {
			isa = PBXFrameworksBuildPhase;
			buildActionMask = 2147483647;
			files = (
			);
			runOnlyForDeploymentPostprocessing = 0;
		};
		5B0C85D32506648F00036802 /* Frameworks */ = {
			isa = PBXFrameworksBuildPhase;
			buildActionMask = 2147483647;
			files = (
				5B0C85D72506648F00036802 /* FizzBuzz_TDD.framework in Frameworks */,
			);
			runOnlyForDeploymentPostprocessing = 0;
		};
/* End PBXFrameworksBuildPhase section */

/* Begin PBXGroup section */
		5B0C85C32506648B00036802 = {
			isa = PBXGroup;
			children = (
				5B0C85CF2506648C00036802 /* FizzBuzz TDD */,
				5B0C85DA2506648F00036802 /* FizzBuzz TDDTests */,
				5B0C85CE2506648C00036802 /* Products */,
			);
			sourceTree = "<group>";
		};
		5B0C85CE2506648C00036802 /* Products */ = {
			isa = PBXGroup;
			children = (
				5B0C85CD2506648C00036802 /* FizzBuzz_TDD.framework */,
				5B0C85D62506648F00036802 /* FizzBuzz TDDTests.xctest */,
			);
			name = Products;
			sourceTree = "<group>";
		};
		5B0C85CF2506648C00036802 /* FizzBuzz TDD */ = {
			isa = PBXGroup;
			children = (
				5B0C85E925066E1000036802 /* FizzBuzzGenerator */,
				5B0C85D02506648C00036802 /* FizzBuzz_TDD.h */,
				5B0C85D12506648C00036802 /* Info.plist */,
			);
			path = "FizzBuzz TDD";
			sourceTree = "<group>";
		};
		5B0C85DA2506648F00036802 /* FizzBuzz TDDTests */ = {
			isa = PBXGroup;
			children = (
				5B0C85DD2506648F00036802 /* Info.plist */,
				5B0C85E7250665BB00036802 /* FizzBuzzGeneratorTests.swift */,
			);
			path = "FizzBuzz TDDTests";
			sourceTree = "<group>";
		};
		5B0C85E925066E1000036802 /* FizzBuzzGenerator */ = {
			isa = PBXGroup;
			children = (
				5B0C85EA25066E2200036802 /* FizzBuzzGenerator.swift */,
			);
			path = FizzBuzzGenerator;
			sourceTree = "<group>";
		};
/* End PBXGroup section */

/* Begin PBXHeadersBuildPhase section */
		5B0C85C82506648B00036802 /* Headers */ = {
			isa = PBXHeadersBuildPhase;
			buildActionMask = 2147483647;
			files = (
				5B0C85DE2506648F00036802 /* FizzBuzz_TDD.h in Headers */,
			);
			runOnlyForDeploymentPostprocessing = 0;
		};
/* End PBXHeadersBuildPhase section */

/* Begin PBXNativeTarget section */
		5B0C85CC2506648B00036802 /* FizzBuzz TDD */ = {
			isa = PBXNativeTarget;
			buildConfigurationList = 5B0C85E12506648F00036802 /* Build configuration list for PBXNativeTarget "FizzBuzz TDD" */;
			buildPhases = (
				5B0C85C82506648B00036802 /* Headers */,
				5B0C85C92506648B00036802 /* Sources */,
				5B0C85CA2506648B00036802 /* Frameworks */,
				5B0C85CB2506648B00036802 /* Resources */,
			);
			buildRules = (
			);
			dependencies = (
			);
			name = "FizzBuzz TDD";
			productName = "FizzBuzz TDD";
			productReference = 5B0C85CD2506648C00036802 /* FizzBuzz_TDD.framework */;
			productType = "com.apple.product-type.framework";
		};
		5B0C85D52506648F00036802 /* FizzBuzz TDDTests */ = {
			isa = PBXNativeTarget;
			buildConfigurationList = 5B0C85E42506648F00036802 /* Build configuration list for PBXNativeTarget "FizzBuzz TDDTests" */;
			buildPhases = (
				5B0C85D22506648F00036802 /* Sources */,
				5B0C85D32506648F00036802 /* Frameworks */,
				5B0C85D42506648F00036802 /* Resources */,
			);
			buildRules = (
			);
			dependencies = (
				5B0C85D92506648F00036802 /* PBXTargetDependency */,
			);
			name = "FizzBuzz TDDTests";
			productName = "FizzBuzz TDDTests";
			productReference = 5B0C85D62506648F00036802 /* FizzBuzz TDDTests.xctest */;
			productType = "com.apple.product-type.bundle.unit-test";
		};
/* End PBXNativeTarget section */

/* Begin PBXProject section */
		5B0C85C42506648B00036802 /* Project object */ = {
			isa = PBXProject;
			attributes = {
				LastSwiftUpdateCheck = 1160;
				LastUpgradeCheck = 1160;
				ORGANIZATIONNAME = "Roberto Abreu";
				TargetAttributes = {
					5B0C85CC2506648B00036802 = {
						CreatedOnToolsVersion = 11.6;
						LastSwiftMigration = 1160;
					};
					5B0C85D52506648F00036802 = {
						CreatedOnToolsVersion = 11.6;
						LastSwiftMigration = 1160;
					};
				};
			};
			buildConfigurationList = 5B0C85C72506648B00036802 /* Build configuration list for PBXProject "FizzBuzz TDD" */;
			compatibilityVersion = "Xcode 9.3";
			developmentRegion = en;
			hasScannedForEncodings = 0;
			knownRegions = (
				en,
				Base,
			);
			mainGroup = 5B0C85C32506648B00036802;
			productRefGroup = 5B0C85CE2506648C00036802 /* Products */;
			projectDirPath = "";
			projectRoot = "";
			targets = (
				5B0C85CC2506648B00036802 /* FizzBuzz TDD */,
				5B0C85D52506648F00036802 /* FizzBuzz TDDTests */,
			);
		};
/* End PBXProject section */

/* Begin PBXResourcesBuildPhase section */
		5B0C85CB2506648B00036802 /* Resources */ = {
			isa = PBXResourcesBuildPhase;
			buildActionMask = 2147483647;
			files = (
			);
			runOnlyForDeploymentPostprocessing = 0;
		};
		5B0C85D42506648F00036802 /* Resources */ = {
			isa = PBXResourcesBuildPhase;
			buildActionMask = 2147483647;
			files = (
			);
			runOnlyForDeploymentPostprocessing = 0;
		};
/* End PBXResourcesBuildPhase section */

/* Begin PBXSourcesBuildPhase section */
		5B0C85C92506648B00036802 /* Sources */ = {
			isa = PBXSourcesBuildPhase;
			buildActionMask = 2147483647;
			files = (
				5B0C85EB25066E2200036802 /* FizzBuzzGenerator.swift in Sources */,
			);
			runOnlyForDeploymentPostprocessing = 0;
		};
		5B0C85D22506648F00036802 /* Sources */ = {
			isa = PBXSourcesBuildPhase;
			buildActionMask = 2147483647;
			files = (
				5B0C85E8250665BB00036802 /* FizzBuzzGeneratorTests.swift in Sources */,
			);
			runOnlyForDeploymentPostprocessing = 0;
		};
/* End PBXSourcesBuildPhase section */

/* Begin PBXTargetDependency section */
		5B0C85D92506648F00036802 /* PBXTargetDependency */ = {
			isa = PBXTargetDependency;
			target = 5B0C85CC2506648B00036802 /* FizzBuzz TDD */;
			targetProxy = 5B0C85D82506648F00036802 /* PBXContainerItemProxy */;
		};
/* End PBXTargetDependency section */

/* Begin XCBuildConfiguration section */
		5B0C85DF2506648F00036802 /* Debug */ = {
			isa = XCBuildConfiguration;
			buildSettings = {
				ALWAYS_SEARCH_USER_PATHS = NO;
				CLANG_ANALYZER_NONNULL = YES;
				CLANG_ANALYZER_NUMBER_OBJECT_CONVERSION = YES_AGGRESSIVE;
				CLANG_CXX_LANGUAGE_STANDARD = "gnu++14";
				CLANG_CXX_LIBRARY = "libc++";
				CLANG_ENABLE_MODULES = YES;
				CLANG_ENABLE_OBJC_ARC = YES;
				CLANG_ENABLE_OBJC_WEAK = YES;
				CLANG_WARN_BLOCK_CAPTURE_AUTORELEASING = YES;
				CLANG_WARN_BOOL_CONVERSION = YES;
				CLANG_WARN_COMMA = YES;
				CLANG_WARN_CONSTANT_CONVERSION = YES;
				CLANG_WARN_DEPRECATED_OBJC_IMPLEMENTATIONS = YES;
				CLANG_WARN_DIRECT_OBJC_ISA_USAGE = YES_ERROR;
				CLANG_WARN_DOCUMENTATION_COMMENTS = YES;
				CLANG_WARN_EMPTY_BODY = YES;
				CLANG_WARN_ENUM_CONVERSION = YES;
				CLANG_WARN_INFINITE_RECURSION = YES;
				CLANG_WARN_INT_CONVERSION = YES;
				CLANG_WARN_NON_LITERAL_NULL_CONVERSION = YES;
				CLANG_WARN_OBJC_IMPLICIT_RETAIN_SELF = YES;
				CLANG_WARN_OBJC_LITERAL_CONVERSION = YES;
				CLANG_WARN_OBJC_ROOT_CLASS = YES_ERROR;
				CLANG_WARN_RANGE_LOOP_ANALYSIS = YES;
				CLANG_WARN_STRICT_PROTOTYPES = YES;
				CLANG_WARN_SUSPICIOUS_MOVE = YES;
				CLANG_WARN_UNGUARDED_AVAILABILITY = YES_AGGRESSIVE;
				CLANG_WARN_UNREACHABLE_CODE = YES;
				CLANG_WARN__DUPLICATE_METHOD_MATCH = YES;
				COPY_PHASE_STRIP = NO;
				CURRENT_PROJECT_VERSION = 1;
				DEBUG_INFORMATION_FORMAT = dwarf;
				ENABLE_STRICT_OBJC_MSGSEND = YES;
				ENABLE_TESTABILITY = YES;
				GCC_C_LANGUAGE_STANDARD = gnu11;
				GCC_DYNAMIC_NO_PIC = NO;
				GCC_NO_COMMON_BLOCKS = YES;
				GCC_OPTIMIZATION_LEVEL = 0;
				GCC_PREPROCESSOR_DEFINITIONS = (
					"DEBUG=1",
					"$(inherited)",
				);
				GCC_WARN_64_TO_32_BIT_CONVERSION = YES;
				GCC_WARN_ABOUT_RETURN_TYPE = YES_ERROR;
				GCC_WARN_UNDECLARED_SELECTOR = YES;
				GCC_WARN_UNINITIALIZED_AUTOS = YES_AGGRESSIVE;
				GCC_WARN_UNUSED_FUNCTION = YES;
				GCC_WARN_UNUSED_VARIABLE = YES;
				MACOSX_DEPLOYMENT_TARGET = 10.15;
				MTL_ENABLE_DEBUG_INFO = INCLUDE_SOURCE;
				MTL_FAST_MATH = YES;
				ONLY_ACTIVE_ARCH = YES;
				SDKROOT = macosx;
				SWIFT_ACTIVE_COMPILATION_CONDITIONS = DEBUG;
				SWIFT_OPTIMIZATION_LEVEL = "-Onone";
				VERSIONING_SYSTEM = "apple-generic";
				VERSION_INFO_PREFIX = "";
			};
			name = Debug;
		};
		5B0C85E02506648F00036802 /* Release */ = {
			isa = XCBuildConfiguration;
			buildSettings = {
				ALWAYS_SEARCH_USER_PATHS = NO;
				CLANG_ANALYZER_NONNULL = YES;
				CLANG_ANALYZER_NUMBER_OBJECT_CONVERSION = YES_AGGRESSIVE;
				CLANG_CXX_LANGUAGE_STANDARD = "gnu++14";
				CLANG_CXX_LIBRARY = "libc++";
				CLANG_ENABLE_MODULES = YES;
				CLANG_ENABLE_OBJC_ARC = YES;
				CLANG_ENABLE_OBJC_WEAK = YES;
				CLANG_WARN_BLOCK_CAPTURE_AUTORELEASING = YES;
				CLANG_WARN_BOOL_CONVERSION = YES;
				CLANG_WARN_COMMA = YES;
				CLANG_WARN_CONSTANT_CONVERSION = YES;
				CLANG_WARN_DEPRECATED_OBJC_IMPLEMENTATIONS = YES;
				CLANG_WARN_DIRECT_OBJC_ISA_USAGE = YES_ERROR;
				CLANG_WARN_DOCUMENTATION_COMMENTS = YES;
				CLANG_WARN_EMPTY_BODY = YES;
				CLANG_WARN_ENUM_CONVERSION = YES;
				CLANG_WARN_INFINITE_RECURSION = YES;
				CLANG_WARN_INT_CONVERSION = YES;
				CLANG_WARN_NON_LITERAL_NULL_CONVERSION = YES;
				CLANG_WARN_OBJC_IMPLICIT_RETAIN_SELF = YES;
				CLANG_WARN_OBJC_LITERAL_CONVERSION = YES;
				CLANG_WARN_OBJC_ROOT_CLASS = YES_ERROR;
				CLANG_WARN_RANGE_LOOP_ANALYSIS = YES;
				CLANG_WARN_STRICT_PROTOTYPES = YES;
				CLANG_WARN_SUSPICIOUS_MOVE = YES;
				CLANG_WARN_UNGUARDED_AVAILABILITY = YES_AGGRESSIVE;
				CLANG_WARN_UNREACHABLE_CODE = YES;
				CLANG_WARN__DUPLICATE_METHOD_MATCH = YES;
				COPY_PHASE_STRIP = NO;
				CURRENT_PROJECT_VERSION = 1;
				DEBUG_INFORMATION_FORMAT = "dwarf-with-dsym";
				ENABLE_NS_ASSERTIONS = NO;
				ENABLE_STRICT_OBJC_MSGSEND = YES;
				GCC_C_LANGUAGE_STANDARD = gnu11;
				GCC_NO_COMMON_BLOCKS = YES;
				GCC_WARN_64_TO_32_BIT_CONVERSION = YES;
				GCC_WARN_ABOUT_RETURN_TYPE = YES_ERROR;
				GCC_WARN_UNDECLARED_SELECTOR = YES;
				GCC_WARN_UNINITIALIZED_AUTOS = YES_AGGRESSIVE;
				GCC_WARN_UNUSED_FUNCTION = YES;
				GCC_WARN_UNUSED_VARIABLE = YES;
				MACOSX_DEPLOYMENT_TARGET = 10.15;
				MTL_ENABLE_DEBUG_INFO = NO;
				MTL_FAST_MATH = YES;
				SDKROOT = macosx;
				SWIFT_COMPILATION_MODE = wholemodule;
				SWIFT_OPTIMIZATION_LEVEL = "-O";
				VERSIONING_SYSTEM = "apple-generic";
				VERSION_INFO_PREFIX = "";
			};
			name = Release;
		};
		5B0C85E22506648F00036802 /* Debug */ = {
			isa = XCBuildConfiguration;
			buildSettings = {
				CLANG_ENABLE_MODULES = YES;
				CODE_SIGN_STYLE = Automatic;
				COMBINE_HIDPI_IMAGES = YES;
				DEFINES_MODULE = YES;
				DEVELOPMENT_TEAM = BP582CF2S8;
				DYLIB_COMPATIBILITY_VERSION = 1;
				DYLIB_CURRENT_VERSION = 1;
				DYLIB_INSTALL_NAME_BASE = "@rpath";
				INFOPLIST_FILE = "FizzBuzz TDD/Info.plist";
				INSTALL_PATH = "$(LOCAL_LIBRARY_DIR)/Frameworks";
				LD_RUNPATH_SEARCH_PATHS = (
					"$(inherited)",
					"@executable_path/../Frameworks",
					"@loader_path/Frameworks",
				);
				PRODUCT_BUNDLE_IDENTIFIER = "com.random.FizzBuzz-TDD";
				PRODUCT_NAME = "$(TARGET_NAME:c99extidentifier)";
				SKIP_INSTALL = YES;
				SWIFT_OPTIMIZATION_LEVEL = "-Onone";
				SWIFT_VERSION = 5.0;
			};
			name = Debug;
		};
		5B0C85E32506648F00036802 /* Release */ = {
			isa = XCBuildConfiguration;
			buildSettings = {
				CLANG_ENABLE_MODULES = YES;
				CODE_SIGN_STYLE = Automatic;
				COMBINE_HIDPI_IMAGES = YES;
				DEFINES_MODULE = YES;
				DEVELOPMENT_TEAM = BP582CF2S8;
				DYLIB_COMPATIBILITY_VERSION = 1;
				DYLIB_CURRENT_VERSION = 1;
				DYLIB_INSTALL_NAME_BASE = "@rpath";
				INFOPLIST_FILE = "FizzBuzz TDD/Info.plist";
				INSTALL_PATH = "$(LOCAL_LIBRARY_DIR)/Frameworks";
				LD_RUNPATH_SEARCH_PATHS = (
					"$(inherited)",
					"@executable_path/../Frameworks",
					"@loader_path/Frameworks",
				);
				PRODUCT_BUNDLE_IDENTIFIER = "com.random.FizzBuzz-TDD";
				PRODUCT_NAME = "$(TARGET_NAME:c99extidentifier)";
				SKIP_INSTALL = YES;
				SWIFT_VERSION = 5.0;
			};
			name = Release;
		};
		5B0C85E52506648F00036802 /* Debug */ = {
			isa = XCBuildConfiguration;
			buildSettings = {
				ALWAYS_EMBED_SWIFT_STANDARD_LIBRARIES = YES;
				CLANG_ENABLE_MODULES = YES;
				CODE_SIGN_STYLE = Automatic;
				COMBINE_HIDPI_IMAGES = YES;
				DEVELOPMENT_TEAM = BP582CF2S8;
				INFOPLIST_FILE = "FizzBuzz TDDTests/Info.plist";
				LD_RUNPATH_SEARCH_PATHS = (
					"$(inherited)",
					"@executable_path/../Frameworks",
					"@loader_path/../Frameworks",
				);
				PRODUCT_BUNDLE_IDENTIFIER = "com.random.FizzBuzz-TDDTests";
				PRODUCT_NAME = "$(TARGET_NAME)";
				SWIFT_OPTIMIZATION_LEVEL = "-Onone";
				SWIFT_VERSION = 5.0;
			};
			name = Debug;
		};
		5B0C85E62506648F00036802 /* Release */ = {
			isa = XCBuildConfiguration;
			buildSettings = {
				ALWAYS_EMBED_SWIFT_STANDARD_LIBRARIES = YES;
				CLANG_ENABLE_MODULES = YES;
				CODE_SIGN_STYLE = Automatic;
				COMBINE_HIDPI_IMAGES = YES;
				DEVELOPMENT_TEAM = BP582CF2S8;
				INFOPLIST_FILE = "FizzBuzz TDDTests/Info.plist";
				LD_RUNPATH_SEARCH_PATHS = (
					"$(inherited)",
					"@executable_path/../Frameworks",
					"@loader_path/../Frameworks",
				);
				PRODUCT_BUNDLE_IDENTIFIER = "com.random.FizzBuzz-TDDTests";
				PRODUCT_NAME = "$(TARGET_NAME)";
				SWIFT_VERSION = 5.0;
			};
			name = Release;
		};
/* End XCBuildConfiguration section */

/* Begin XCConfigurationList section */
		5B0C85C72506648B00036802 /* Build configuration list for PBXProject "FizzBuzz TDD" */ = {
			isa = XCConfigurationList;
			buildConfigurations = (
				5B0C85DF2506648F00036802 /* Debug */,
				5B0C85E02506648F00036802 /* Release */,
			);
			defaultConfigurationIsVisible = 0;
			defaultConfigurationName = Release;
		};
		5B0C85E12506648F00036802 /* Build configuration list for PBXNativeTarget "FizzBuzz TDD" */ = {
			isa = XCConfigurationList;
			buildConfigurations = (
				5B0C85E22506648F00036802 /* Debug */,
				5B0C85E32506648F00036802 /* Release */,
			);
			defaultConfigurationIsVisible = 0;
			defaultConfigurationName = Release;
		};
		5B0C85E42506648F00036802 /* Build configuration list for PBXNativeTarget "FizzBuzz TDDTests" */ = {
			isa = XCConfigurationList;
			buildConfigurations = (
				5B0C85E52506648F00036802 /* Debug */,
				5B0C85E62506648F00036802 /* Release */,
			);
			defaultConfigurationIsVisible = 0;
			defaultConfigurationName = Release;
		};
/* End XCConfigurationList section */
	};
	rootObject = 5B0C85C42506648B00036802 /* Project object */;
}
